
Microsoft Visual Studio Solution File, Format Version 12.00
Project("{FAE04EC0-301F-11D3-BF4B-00C04F79EFBC}") = "Lab1Csharp", "Lab1Csharp\Lab1Csharp.csproj", "{DF6DB59A-CDDA-46D4-82F1-3F1186084FA1}"
EndProject
Global
	GlobalSection(SolutionConfigurationPlatforms) = preSolution
		Debug|Any CPU = Debug|Any CPU
		Release|Any CPU = Release|Any CPU
	EndGlobalSection
	GlobalSection(ProjectConfigurationPlatforms) = postSolution
		{DF6DB59A-CDDA-46D4-82F1-3F1186084FA1}.Debug|Any CPU.ActiveCfg = Debug|Any CPU
		{DF6DB59A-CDDA-46D4-82F1-3F1186084FA1}.Debug|Any CPU.Build.0 = Debug|Any CPU
		{DF6DB59A-CDDA-46D4-82F1-3F1186084FA1}.Release|Any CPU.ActiveCfg = Release|Any CPU
		{DF6DB59A-CDDA-46D4-82F1-3F1186084FA1}.Release|Any CPU.Build.0 = Release|Any CPU
	EndGlobalSection
EndGlobal
